
Microsoft Visual Studio Solution File, Format Version 12.00
# Visual Studio Version 17
VisualStudioVersion = 17.3.32929.385
MinimumVisualStudioVersion = 10.0.40219.1
Project("{FAE04EC0-301F-11D3-BF4B-00C04F79EFBC}") = "Minda_Iulia_Lab2", "Minda_Iulia_Lab2.csproj", "{C68AF173-19E1-4E8B-B0E3-B266F726B9DD}"
EndProject
Global
	GlobalSection(SolutionConfigurationPlatforms) = preSolution
		Debug|Any CPU = Debug|Any CPU
		Release|Any CPU = Release|Any CPU
	EndGlobalSection
	GlobalSection(ProjectConfigurationPlatforms) = postSolution
		{C68AF173-19E1-4E8B-B0E3-B266F726B9DD}.Debug|Any CPU.ActiveCfg = Debug|Any CPU
		{C68AF173-19E1-4E8B-B0E3-B266F726B9DD}.Debug|Any CPU.Build.0 = Debug|Any CPU
		{C68AF173-19E1-4E8B-B0E3-B266F726B9DD}.Release|Any CPU.ActiveCfg = Release|Any CPU
		{C68AF173-19E1-4E8B-B0E3-B266F726B9DD}.Release|Any CPU.Build.0 = Release|Any CPU
	EndGlobalSection
	GlobalSection(SolutionProperties) = preSolution
		HideSolutionNode = FALSE
	EndGlobalSection
	GlobalSection(ExtensibilityGlobals) = postSolution
		SolutionGuid = {AE398177-BF67-4117-923A-56D9FA171550}
	EndGlobalSection
EndGlobal
